
Microsoft Visual Studio Solution File, Format Version 12.00
# Visual Studio 15
VisualStudioVersion = 15.0.28010.2046
MinimumVisualStudioVersion = 10.0.40219.1
Project("{FAE04EC0-301F-11D3-BF4B-00C04F79EFBC}") = "HP-SocketTest", "HP-SocketTest\HP-SocketTest.csproj", "{FCB1B982-EC10-42A1-84C8-D849014276BA}"
EndProject
Global
	GlobalSection(SolutionConfigurationPlatforms) = preSolution
		Debug|Any CPU = Debug|Any CPU
		Release|Any CPU = Release|Any CPU
	EndGlobalSection
	GlobalSection(ProjectConfigurationPlatforms) = postSolution
		{FCB1B982-EC10-42A1-84C8-D849014276BA}.Debug|Any CPU.ActiveCfg = Debug|Any CPU
		{FCB1B982-EC10-42A1-84C8-D849014276BA}.Debug|Any CPU.Build.0 = Debug|Any CPU
		{FCB1B982-EC10-42A1-84C8-D849014276BA}.Release|Any CPU.ActiveCfg = Release|Any CPU
		{FCB1B982-EC10-42A1-84C8-D849014276BA}.Release|Any CPU.Build.0 = Release|Any CPU
	EndGlobalSection
	GlobalSection(SolutionProperties) = preSolution
		HideSolutionNode = FALSE
	EndGlobalSection
	GlobalSection(ExtensibilityGlobals) = postSolution
		SolutionGuid = {C95B28A9-FBA7-4E90-AC83-6B554D9BE0AB}
	EndGlobalSection
EndGlobal
