
Microsoft Visual Studio Solution File, Format Version 12.00
# Visual Studio 15
VisualStudioVersion = 15.0.28010.2046
MinimumVisualStudioVersion = 10.0.40219.1
Project("{FAE04EC0-301F-11D3-BF4B-00C04F79EFBC}") = "HP-SocketTest", "HP-SocketTest\HP-SocketTest.csproj", "{FCB1B982-EC10-42A1-84C8-D849014276BA}"
EndProject
Project("{FAE04EC0-301F-11D3-BF4B-00C04F79EFBC}") = "HP-SocketServer", "HP-SocketServer\HP-SocketServer.csproj", "{F52C0EC3-3F71-44A0-9D1E-10617F2A0D58}"
EndProject
Global
	GlobalSection(SolutionConfigurationPlatforms) = preSolution
		Debug|Any CPU = Debug|Any CPU
		Debug|x64 = Debug|x64
		Debug|x86 = Debug|x86
		Release|Any CPU = Release|Any CPU
		Release|x64 = Release|x64
		Release|x86 = Release|x86
	EndGlobalSection
	GlobalSection(ProjectConfigurationPlatforms) = postSolution
		{FCB1B982-EC10-42A1-84C8-D849014276BA}.Debug|Any CPU.ActiveCfg = Debug|Any CPU
		{FCB1B982-EC10-42A1-84C8-D849014276BA}.Debug|Any CPU.Build.0 = Debug|Any CPU
		{FCB1B982-EC10-42A1-84C8-D849014276BA}.Debug|x64.ActiveCfg = Debug|x64
		{FCB1B982-EC10-42A1-84C8-D849014276BA}.Debug|x64.Build.0 = Debug|x64
		{FCB1B982-EC10-42A1-84C8-D849014276BA}.Debug|x86.ActiveCfg = Debug|x86
		{FCB1B982-EC10-42A1-84C8-D849014276BA}.Debug|x86.Build.0 = Debug|x86
		{FCB1B982-EC10-42A1-84C8-D849014276BA}.Release|Any CPU.ActiveCfg = Release|Any CPU
		{FCB1B982-EC10-42A1-84C8-D849014276BA}.Release|Any CPU.Build.0 = Release|Any CPU
		{FCB1B982-EC10-42A1-84C8-D849014276BA}.Release|x64.ActiveCfg = Release|x64
		{FCB1B982-EC10-42A1-84C8-D849014276BA}.Release|x64.Build.0 = Release|x64
		{FCB1B982-EC10-42A1-84C8-D849014276BA}.Release|x86.ActiveCfg = Release|x86
		{FCB1B982-EC10-42A1-84C8-D849014276BA}.Release|x86.Build.0 = Release|x86
		{F52C0EC3-3F71-44A0-9D1E-10617F2A0D58}.Debug|Any CPU.ActiveCfg = Debug|Any CPU
		{F52C0EC3-3F71-44A0-9D1E-10617F2A0D58}.Debug|Any CPU.Build.0 = Debug|Any CPU
		{F52C0EC3-3F71-44A0-9D1E-10617F2A0D58}.Debug|x64.ActiveCfg = Debug|x64
		{F52C0EC3-3F71-44A0-9D1E-10617F2A0D58}.Debug|x64.Build.0 = Debug|x64
		{F52C0EC3-3F71-44A0-9D1E-10617F2A0D58}.Debug|x86.ActiveCfg = Debug|x86
		{F52C0EC3-3F71-44A0-9D1E-10617F2A0D58}.Debug|x86.Build.0 = Debug|x86
		{F52C0EC3-3F71-44A0-9D1E-10617F2A0D58}.Release|Any CPU.ActiveCfg = Release|Any CPU
		{F52C0EC3-3F71-44A0-9D1E-10617F2A0D58}.Release|Any CPU.Build.0 = Release|Any CPU
		{F52C0EC3-3F71-44A0-9D1E-10617F2A0D58}.Release|x64.ActiveCfg = Release|x64
		{F52C0EC3-3F71-44A0-9D1E-10617F2A0D58}.Release|x64.Build.0 = Release|x64
		{F52C0EC3-3F71-44A0-9D1E-10617F2A0D58}.Release|x86.ActiveCfg = Release|x86
		{F52C0EC3-3F71-44A0-9D1E-10617F2A0D58}.Release|x86.Build.0 = Release|x86
	EndGlobalSection
	GlobalSection(SolutionProperties) = preSolution
		HideSolutionNode = FALSE
	EndGlobalSection
	GlobalSection(ExtensibilityGlobals) = postSolution
		SolutionGuid = {C95B28A9-FBA7-4E90-AC83-6B554D9BE0AB}
	EndGlobalSection
EndGlobal
